
Microsoft Visual Studio Solution File, Format Version 12.00
# Visual Studio Version 17
VisualStudioVersion = 17.7.34009.444
MinimumVisualStudioVersion = 10.0.40219.1
Project("{FAE04EC0-301F-11D3-BF4B-00C04F79EFBC}") = "StudentAPI", "StudentAPI\StudentAPI.csproj", "{B3DF7258-FD2D-4D83-8D06-7E02192759EF}"
EndProject
Global
	GlobalSection(SolutionConfigurationPlatforms) = preSolution
		Debug|Any CPU = Debug|Any CPU
		Release|Any CPU = Release|Any CPU
	EndGlobalSection
	GlobalSection(ProjectConfigurationPlatforms) = postSolution
		{B3DF7258-FD2D-4D83-8D06-7E02192759EF}.Debug|Any CPU.ActiveCfg = Debug|Any CPU
		{B3DF7258-FD2D-4D83-8D06-7E02192759EF}.Debug|Any CPU.Build.0 = Debug|Any CPU
		{B3DF7258-FD2D-4D83-8D06-7E02192759EF}.Release|Any CPU.ActiveCfg = Release|Any CPU
		{B3DF7258-FD2D-4D83-8D06-7E02192759EF}.Release|Any CPU.Build.0 = Release|Any CPU
	EndGlobalSection
	GlobalSection(SolutionProperties) = preSolution
		HideSolutionNode = FALSE
	EndGlobalSection
	GlobalSection(ExtensibilityGlobals) = postSolution
		SolutionGuid = {2B4F45A5-62E5-4ACF-AF0E-8F59C9218551}
	EndGlobalSection
EndGlobal
